// !$*UTF8*$!
{
	archiveVersion = 1;
	classes = {
	};
	objectVersion = 56;
	objects = {

/* Begin PBXBuildFile section */
		96502BDD2BBD526100C63DD8 /* AppDelegate.swift in Sources */ = {isa = PBXBuildFile; fileRef = 96502BDC2BBD526100C63DD8 /* AppDelegate.swift */; };
		96502BE42BBD526100C63DD8 /* Base in Resources */ = {isa = PBXBuildFile; fileRef = 96502BE32BBD526100C63DD8 /* Base */; };
		96502BE62BBD526200C63DD8 /* Assets.xcassets in Resources */ = {isa = PBXBuildFile; fileRef = 96502BE52BBD526200C63DD8 /* Assets.xcassets */; };
		96502BE92BBD526200C63DD8 /* Base in Resources */ = {isa = PBXBuildFile; fileRef = 96502BE82BBD526200C63DD8 /* Base */; };
		96502BF42BBD526300C63DD8 /* SpatialAudioTests.swift in Sources */ = {isa = PBXBuildFile; fileRef = 96502BF32BBD526300C63DD8 /* SpatialAudioTests.swift */; };
		96502BFE2BBD526300C63DD8 /* SpatialAudioUITests.swift in Sources */ = {isa = PBXBuildFile; fileRef = 96502BFD2BBD526300C63DD8 /* SpatialAudioUITests.swift */; };
		96502C002BBD526300C63DD8 /* SpatialAudioUITestsLaunchTests.swift in Sources */ = {isa = PBXBuildFile; fileRef = 96502BFF2BBD526300C63DD8 /* SpatialAudioUITestsLaunchTests.swift */; };
		96502C0D2BBD53D800C63DD8 /* AudioSpatializer.swift in Sources */ = {isa = PBXBuildFile; fileRef = 96502C0C2BBD53D800C63DD8 /* AudioSpatializer.swift */; };
		96502C0F2BBD5DBE00C63DD8 /* ping.mp3 in Resources */ = {isa = PBXBuildFile; fileRef = 96502C0E2BBD5DBE00C63DD8 /* ping.mp3 */; };
		96502C112BBD5EAF00C63DD8 /* MainViewController.swift in Sources */ = {isa = PBXBuildFile; fileRef = 96502C102BBD5EAF00C63DD8 /* MainViewController.swift */; };
/* End PBXBuildFile section */

/* Begin PBXContainerItemProxy section */
		96502BF02BBD526300C63DD8 /* PBXContainerItemProxy */ = {
			isa = PBXContainerItemProxy;
			containerPortal = 96502BD12BBD526100C63DD8 /* Project object */;
			proxyType = 1;
			remoteGlobalIDString = 96502BD82BBD526100C63DD8;
			remoteInfo = SpatialAudio;
		};
		96502BFA2BBD526300C63DD8 /* PBXContainerItemProxy */ = {
			isa = PBXContainerItemProxy;
			containerPortal = 96502BD12BBD526100C63DD8 /* Project object */;
			proxyType = 1;
			remoteGlobalIDString = 96502BD82BBD526100C63DD8;
			remoteInfo = SpatialAudio;
		};
/* End PBXContainerItemProxy section */

/* Begin PBXFileReference section */
		96502BD92BBD526100C63DD8 /* SpatialAudio.app */ = {isa = PBXFileReference; explicitFileType = wrapper.application; includeInIndex = 0; path = SpatialAudio.app; sourceTree = BUILT_PRODUCTS_DIR; };
		96502BDC2BBD526100C63DD8 /* AppDelegate.swift */ = {isa = PBXFileReference; lastKnownFileType = sourcecode.swift; path = AppDelegate.swift; sourceTree = "<group>"; };
		96502BE32BBD526100C63DD8 /* Base */ = {isa = PBXFileReference; lastKnownFileType = file.storyboard; name = Base; path = Base.lproj/Main.storyboard; sourceTree = "<group>"; };
		96502BE52BBD526200C63DD8 /* Assets.xcassets */ = {isa = PBXFileReference; lastKnownFileType = folder.assetcatalog; path = Assets.xcassets; sourceTree = "<group>"; };
		96502BE82BBD526200C63DD8 /* Base */ = {isa = PBXFileReference; lastKnownFileType = file.storyboard; name = Base; path = Base.lproj/LaunchScreen.storyboard; sourceTree = "<group>"; };
		96502BEA2BBD526200C63DD8 /* Info.plist */ = {isa = PBXFileReference; lastKnownFileType = text.plist.xml; path = Info.plist; sourceTree = "<group>"; };
		96502BEF2BBD526300C63DD8 /* SpatialAudioTests.xctest */ = {isa = PBXFileReference; explicitFileType = wrapper.cfbundle; includeInIndex = 0; path = SpatialAudioTests.xctest; sourceTree = BUILT_PRODUCTS_DIR; };
		96502BF32BBD526300C63DD8 /* SpatialAudioTests.swift */ = {isa = PBXFileReference; lastKnownFileType = sourcecode.swift; path = SpatialAudioTests.swift; sourceTree = "<group>"; };
		96502BF92BBD526300C63DD8 /* SpatialAudioUITests.xctest */ = {isa = PBXFileReference; explicitFileType = wrapper.cfbundle; includeInIndex = 0; path = SpatialAudioUITests.xctest; sourceTree = BUILT_PRODUCTS_DIR; };
		96502BFD2BBD526300C63DD8 /* SpatialAudioUITests.swift */ = {isa = PBXFileReference; lastKnownFileType = sourcecode.swift; path = SpatialAudioUITests.swift; sourceTree = "<group>"; };
		96502BFF2BBD526300C63DD8 /* SpatialAudioUITestsLaunchTests.swift */ = {isa = PBXFileReference; lastKnownFileType = sourcecode.swift; path = SpatialAudioUITestsLaunchTests.swift; sourceTree = "<group>"; };
		96502C0C2BBD53D800C63DD8 /* AudioSpatializer.swift */ = {isa = PBXFileReference; lastKnownFileType = sourcecode.swift; path = AudioSpatializer.swift; sourceTree = "<group>"; };
		96502C0E2BBD5DBE00C63DD8 /* ping.mp3 */ = {isa = PBXFileReference; lastKnownFileType = audio.mp3; path = ping.mp3; sourceTree = "<group>"; };
		96502C102BBD5EAF00C63DD8 /* MainViewController.swift */ = {isa = PBXFileReference; lastKnownFileType = sourcecode.swift; path = MainViewController.swift; sourceTree = "<group>"; };
/* End PBXFileReference section */

/* Begin PBXFrameworksBuildPhase section */
		96502BD62BBD526100C63DD8 /* Frameworks */ = {
			isa = PBXFrameworksBuildPhase;
			buildActionMask = 2147483647;
			files = (
			);
			runOnlyForDeploymentPostprocessing = 0;
		};
		96502BEC2BBD526300C63DD8 /* Frameworks */ = {
			isa = PBXFrameworksBuildPhase;
			buildActionMask = 2147483647;
			files = (
			);
			runOnlyForDeploymentPostprocessing = 0;
		};
		96502BF62BBD526300C63DD8 /* Frameworks */ = {
			isa = PBXFrameworksBuildPhase;
			buildActionMask = 2147483647;
			files = (
			);
			runOnlyForDeploymentPostprocessing = 0;
		};
/* End PBXFrameworksBuildPhase section */

/* Begin PBXGroup section */
		96502BD02BBD526100C63DD8 = {
			isa = PBXGroup;
			children = (
				96502BDB2BBD526100C63DD8 /* SpatialAudio */,
				96502BF22BBD526300C63DD8 /* SpatialAudioTests */,
				96502BFC2BBD526300C63DD8 /* SpatialAudioUITests */,
				96502BDA2BBD526100C63DD8 /* Products */,
			);
			sourceTree = "<group>";
		};
		96502BDA2BBD526100C63DD8 /* Products */ = {
			isa = PBXGroup;
			children = (
				96502BD92BBD526100C63DD8 /* SpatialAudio.app */,
				96502BEF2BBD526300C63DD8 /* SpatialAudioTests.xctest */,
				96502BF92BBD526300C63DD8 /* SpatialAudioUITests.xctest */,
			);
			name = Products;
			sourceTree = "<group>";
		};
		96502BDB2BBD526100C63DD8 /* SpatialAudio */ = {
			isa = PBXGroup;
			children = (
				96502BDC2BBD526100C63DD8 /* AppDelegate.swift */,
				96502BE22BBD526100C63DD8 /* Main.storyboard */,
				96502BE52BBD526200C63DD8 /* Assets.xcassets */,
				96502BE72BBD526200C63DD8 /* LaunchScreen.storyboard */,
				96502BEA2BBD526200C63DD8 /* Info.plist */,
				96502C0C2BBD53D800C63DD8 /* AudioSpatializer.swift */,
				96502C0E2BBD5DBE00C63DD8 /* ping.mp3 */,
				96502C102BBD5EAF00C63DD8 /* MainViewController.swift */,
			);
			path = SpatialAudio;
			sourceTree = "<group>";
		};
		96502BF22BBD526300C63DD8 /* SpatialAudioTests */ = {
			isa = PBXGroup;
			children = (
				96502BF32BBD526300C63DD8 /* SpatialAudioTests.swift */,
			);
			path = SpatialAudioTests;
			sourceTree = "<group>";
		};
		96502BFC2BBD526300C63DD8 /* SpatialAudioUITests */ = {
			isa = PBXGroup;
			children = (
				96502BFD2BBD526300C63DD8 /* SpatialAudioUITests.swift */,
				96502BFF2BBD526300C63DD8 /* SpatialAudioUITestsLaunchTests.swift */,
			);
			path = SpatialAudioUITests;
			sourceTree = "<group>";
		};
/* End PBXGroup section */

/* Begin PBXNativeTarget section */
		96502BD82BBD526100C63DD8 /* SpatialAudio */ = {
			isa = PBXNativeTarget;
			buildConfigurationList = 96502C032BBD526300C63DD8 /* Build configuration list for PBXNativeTarget "SpatialAudio" */;
			buildPhases = (
				96502BD52BBD526100C63DD8 /* Sources */,
				96502BD62BBD526100C63DD8 /* Frameworks */,
				96502BD72BBD526100C63DD8 /* Resources */,
			);
			buildRules = (
			);
			dependencies = (
			);
			name = SpatialAudio;
			productName = SpatialAudio;
			productReference = 96502BD92BBD526100C63DD8 /* SpatialAudio.app */;
			productType = "com.apple.product-type.application";
		};
		96502BEE2BBD526300C63DD8 /* SpatialAudioTests */ = {
			isa = PBXNativeTarget;
			buildConfigurationList = 96502C062BBD526300C63DD8 /* Build configuration list for PBXNativeTarget "SpatialAudioTests" */;
			buildPhases = (
				96502BEB2BBD526300C63DD8 /* Sources */,
				96502BEC2BBD526300C63DD8 /* Frameworks */,
				96502BED2BBD526300C63DD8 /* Resources */,
			);
			buildRules = (
			);
			dependencies = (
				96502BF12BBD526300C63DD8 /* PBXTargetDependency */,
			);
			name = SpatialAudioTests;
			productName = SpatialAudioTests;
			productReference = 96502BEF2BBD526300C63DD8 /* SpatialAudioTests.xctest */;
			productType = "com.apple.product-type.bundle.unit-test";
		};
		96502BF82BBD526300C63DD8 /* SpatialAudioUITests */ = {
			isa = PBXNativeTarget;
			buildConfigurationList = 96502C092BBD526300C63DD8 /* Build configuration list for PBXNativeTarget "SpatialAudioUITests" */;
			buildPhases = (
				96502BF52BBD526300C63DD8 /* Sources */,
				96502BF62BBD526300C63DD8 /* Frameworks */,
				96502BF72BBD526300C63DD8 /* Resources */,
			);
			buildRules = (
			);
			dependencies = (
				96502BFB2BBD526300C63DD8 /* PBXTargetDependency */,
			);
			name = SpatialAudioUITests;
			productName = SpatialAudioUITests;
			productReference = 96502BF92BBD526300C63DD8 /* SpatialAudioUITests.xctest */;
			productType = "com.apple.product-type.bundle.ui-testing";
		};
/* End PBXNativeTarget section */

/* Begin PBXProject section */
		96502BD12BBD526100C63DD8 /* Project object */ = {
			isa = PBXProject;
			attributes = {
				BuildIndependentTargetsInParallel = 1;
				LastSwiftUpdateCheck = 1530;
				LastUpgradeCheck = 1530;
				TargetAttributes = {
					96502BD82BBD526100C63DD8 = {
						CreatedOnToolsVersion = 15.3;
					};
					96502BEE2BBD526300C63DD8 = {
						CreatedOnToolsVersion = 15.3;
						TestTargetID = 96502BD82BBD526100C63DD8;
					};
					96502BF82BBD526300C63DD8 = {
						CreatedOnToolsVersion = 15.3;
						TestTargetID = 96502BD82BBD526100C63DD8;
					};
				};
			};
			buildConfigurationList = 96502BD42BBD526100C63DD8 /* Build configuration list for PBXProject "SpatialAudio" */;
			compatibilityVersion = "Xcode 14.0";
			developmentRegion = en;
			hasScannedForEncodings = 0;
			knownRegions = (
				en,
				Base,
			);
			mainGroup = 96502BD02BBD526100C63DD8;
			productRefGroup = 96502BDA2BBD526100C63DD8 /* Products */;
			projectDirPath = "";
			projectRoot = "";
			targets = (
				96502BD82BBD526100C63DD8 /* SpatialAudio */,
				96502BEE2BBD526300C63DD8 /* SpatialAudioTests */,
				96502BF82BBD526300C63DD8 /* SpatialAudioUITests */,
			);
		};
/* End PBXProject section */

/* Begin PBXResourcesBuildPhase section */
		96502BD72BBD526100C63DD8 /* Resources */ = {
			isa = PBXResourcesBuildPhase;
			buildActionMask = 2147483647;
			files = (
				96502C0F2BBD5DBE00C63DD8 /* ping.mp3 in Resources */,
				96502BE62BBD526200C63DD8 /* Assets.xcassets in Resources */,
				96502BE92BBD526200C63DD8 /* Base in Resources */,
				96502BE42BBD526100C63DD8 /* Base in Resources */,
			);
			runOnlyForDeploymentPostprocessing = 0;
		};
		96502BED2BBD526300C63DD8 /* Resources */ = {
			isa = PBXResourcesBuildPhase;
			buildActionMask = 2147483647;
			files = (
			);
			runOnlyForDeploymentPostprocessing = 0;
		};
		96502BF72BBD526300C63DD8 /* Resources */ = {
			isa = PBXResourcesBuildPhase;
			buildActionMask = 2147483647;
			files = (
			);
			runOnlyForDeploymentPostprocessing = 0;
		};
/* End PBXResourcesBuildPhase section */

/* Begin PBXSourcesBuildPhase section */
		96502BD52BBD526100C63DD8 /* Sources */ = {
			isa = PBXSourcesBuildPhase;
			buildActionMask = 2147483647;
			files = (
				96502C112BBD5EAF00C63DD8 /* MainViewController.swift in Sources */,
				96502BDD2BBD526100C63DD8 /* AppDelegate.swift in Sources */,
				96502C0D2BBD53D800C63DD8 /* AudioSpatializer.swift in Sources */,
			);
			runOnlyForDeploymentPostprocessing = 0;
		};
		96502BEB2BBD526300C63DD8 /* Sources */ = {
			isa = PBXSourcesBuildPhase;
			buildActionMask = 2147483647;
			files = (
				96502BF42BBD526300C63DD8 /* SpatialAudioTests.swift in Sources */,
			);
			runOnlyForDeploymentPostprocessing = 0;
		};
		96502BF52BBD526300C63DD8 /* Sources */ = {
			isa = PBXSourcesBuildPhase;
			buildActionMask = 2147483647;
			files = (
				96502C002BBD526300C63DD8 /* SpatialAudioUITestsLaunchTests.swift in Sources */,
				96502BFE2BBD526300C63DD8 /* SpatialAudioUITests.swift in Sources */,
			);
			runOnlyForDeploymentPostprocessing = 0;
		};
/* End PBXSourcesBuildPhase section */

/* Begin PBXTargetDependency section */
		96502BF12BBD526300C63DD8 /* PBXTargetDependency */ = {
			isa = PBXTargetDependency;
			target = 96502BD82BBD526100C63DD8 /* SpatialAudio */;
			targetProxy = 96502BF02BBD526300C63DD8 /* PBXContainerItemProxy */;
		};
		96502BFB2BBD526300C63DD8 /* PBXTargetDependency */ = {
			isa = PBXTargetDependency;
			target = 96502BD82BBD526100C63DD8 /* SpatialAudio */;
			targetProxy = 96502BFA2BBD526300C63DD8 /* PBXContainerItemProxy */;
		};
/* End PBXTargetDependency section */

/* Begin PBXVariantGroup section */
		96502BE22BBD526100C63DD8 /* Main.storyboard */ = {
			isa = PBXVariantGroup;
			children = (
				96502BE32BBD526100C63DD8 /* Base */,
			);
			name = Main.storyboard;
			sourceTree = "<group>";
		};
		96502BE72BBD526200C63DD8 /* LaunchScreen.storyboard */ = {
			isa = PBXVariantGroup;
			children = (
				96502BE82BBD526200C63DD8 /* Base */,
			);
			name = LaunchScreen.storyboard;
			sourceTree = "<group>";
		};
/* End PBXVariantGroup section */

/* Begin XCBuildConfiguration section */
		96502C012BBD526300C63DD8 /* Debug */ = {
			isa = XCBuildConfiguration;
			buildSettings = {
				ALWAYS_SEARCH_USER_PATHS = NO;
				ASSETCATALOG_COMPILER_GENERATE_SWIFT_ASSET_SYMBOL_EXTENSIONS = YES;
				CLANG_ANALYZER_NONNULL = YES;
				CLANG_ANALYZER_NUMBER_OBJECT_CONVERSION = YES_AGGRESSIVE;
				CLANG_CXX_LANGUAGE_STANDARD = "gnu++20";
				CLANG_ENABLE_MODULES = YES;
				CLANG_ENABLE_OBJC_ARC = YES;
				CLANG_ENABLE_OBJC_WEAK = YES;
				CLANG_WARN_BLOCK_CAPTURE_AUTORELEASING = YES;
				CLANG_WARN_BOOL_CONVERSION = YES;
				CLANG_WARN_COMMA = YES;
				CLANG_WARN_CONSTANT_CONVERSION = YES;
				CLANG_WARN_DEPRECATED_OBJC_IMPLEMENTATIONS = YES;
				CLANG_WARN_DIRECT_OBJC_ISA_USAGE = YES_ERROR;
				CLANG_WARN_DOCUMENTATION_COMMENTS = YES;
				CLANG_WARN_EMPTY_BODY = YES;
				CLANG_WARN_ENUM_CONVERSION = YES;
				CLANG_WARN_INFINITE_RECURSION = YES;
				CLANG_WARN_INT_CONVERSION = YES;
				CLANG_WARN_NON_LITERAL_NULL_CONVERSION = YES;
				CLANG_WARN_OBJC_IMPLICIT_RETAIN_SELF = YES;
				CLANG_WARN_OBJC_LITERAL_CONVERSION = YES;
				CLANG_WARN_OBJC_ROOT_CLASS = YES_ERROR;
				CLANG_WARN_QUOTED_INCLUDE_IN_FRAMEWORK_HEADER = YES;
				CLANG_WARN_RANGE_LOOP_ANALYSIS = YES;
				CLANG_WARN_STRICT_PROTOTYPES = YES;
				CLANG_WARN_SUSPICIOUS_MOVE = YES;
				CLANG_WARN_UNGUARDED_AVAILABILITY = YES_AGGRESSIVE;
				CLANG_WARN_UNREACHABLE_CODE = YES;
				CLANG_WARN__DUPLICATE_METHOD_MATCH = YES;
				COPY_PHASE_STRIP = NO;
				DEBUG_INFORMATION_FORMAT = dwarf;
				ENABLE_STRICT_OBJC_MSGSEND = YES;
				ENABLE_TESTABILITY = YES;
				ENABLE_USER_SCRIPT_SANDBOXING = YES;
				GCC_C_LANGUAGE_STANDARD = gnu17;
				GCC_DYNAMIC_NO_PIC = NO;
				GCC_NO_COMMON_BLOCKS = YES;
				GCC_OPTIMIZATION_LEVEL = 0;
				GCC_PREPROCESSOR_DEFINITIONS = (
					"DEBUG=1",
					"$(inherited)",
				);
				GCC_WARN_64_TO_32_BIT_CONVERSION = YES;
				GCC_WARN_ABOUT_RETURN_TYPE = YES_ERROR;
				GCC_WARN_UNDECLARED_SELECTOR = YES;
				GCC_WARN_UNINITIALIZED_AUTOS = YES_AGGRESSIVE;
				GCC_WARN_UNUSED_FUNCTION = YES;
				GCC_WARN_UNUSED_VARIABLE = YES;
				IPHONEOS_DEPLOYMENT_TARGET = 17.4;
				LOCALIZATION_PREFERS_STRING_CATALOGS = YES;
				MTL_ENABLE_DEBUG_INFO = INCLUDE_SOURCE;
				MTL_FAST_MATH = YES;
				ONLY_ACTIVE_ARCH = YES;
				SDKROOT = iphoneos;
				SWIFT_ACTIVE_COMPILATION_CONDITIONS = "DEBUG $(inherited)";
				SWIFT_OPTIMIZATION_LEVEL = "-Onone";
			};
			name = Debug;
		};
		96502C022BBD526300C63DD8 /* Release */ = {
			isa = XCBuildConfiguration;
			buildSettings = {
				ALWAYS_SEARCH_USER_PATHS = NO;
				ASSETCATALOG_COMPILER_GENERATE_SWIFT_ASSET_SYMBOL_EXTENSIONS = YES;
				CLANG_ANALYZER_NONNULL = YES;
				CLANG_ANALYZER_NUMBER_OBJECT_CONVERSION = YES_AGGRESSIVE;
				CLANG_CXX_LANGUAGE_STANDARD = "gnu++20";
				CLANG_ENABLE_MODULES = YES;
				CLANG_ENABLE_OBJC_ARC = YES;
				CLANG_ENABLE_OBJC_WEAK = YES;
				CLANG_WARN_BLOCK_CAPTURE_AUTORELEASING = YES;
				CLANG_WARN_BOOL_CONVERSION = YES;
				CLANG_WARN_COMMA = YES;
				CLANG_WARN_CONSTANT_CONVERSION = YES;
				CLANG_WARN_DEPRECATED_OBJC_IMPLEMENTATIONS = YES;
				CLANG_WARN_DIRECT_OBJC_ISA_USAGE = YES_ERROR;
				CLANG_WARN_DOCUMENTATION_COMMENTS = YES;
				CLANG_WARN_EMPTY_BODY = YES;
				CLANG_WARN_ENUM_CONVERSION = YES;
				CLANG_WARN_INFINITE_RECURSION = YES;
				CLANG_WARN_INT_CONVERSION = YES;
				CLANG_WARN_NON_LITERAL_NULL_CONVERSION = YES;
				CLANG_WARN_OBJC_IMPLICIT_RETAIN_SELF = YES;
				CLANG_WARN_OBJC_LITERAL_CONVERSION = YES;
				CLANG_WARN_OBJC_ROOT_CLASS = YES_ERROR;
				CLANG_WARN_QUOTED_INCLUDE_IN_FRAMEWORK_HEADER = YES;
				CLANG_WARN_RANGE_LOOP_ANALYSIS = YES;
				CLANG_WARN_STRICT_PROTOTYPES = YES;
				CLANG_WARN_SUSPICIOUS_MOVE = YES;
				CLANG_WARN_UNGUARDED_AVAILABILITY = YES_AGGRESSIVE;
				CLANG_WARN_UNREACHABLE_CODE = YES;
				CLANG_WARN__DUPLICATE_METHOD_MATCH = YES;
				COPY_PHASE_STRIP = NO;
				DEBUG_INFORMATION_FORMAT = "dwarf-with-dsym";
				ENABLE_NS_ASSERTIONS = NO;
				ENABLE_STRICT_OBJC_MSGSEND = YES;
				ENABLE_USER_SCRIPT_SANDBOXING = YES;
				GCC_C_LANGUAGE_STANDARD = gnu17;
				GCC_NO_COMMON_BLOCKS = YES;
				GCC_WARN_64_TO_32_BIT_CONVERSION = YES;
				GCC_WARN_ABOUT_RETURN_TYPE = YES_ERROR;
				GCC_WARN_UNDECLARED_SELECTOR = YES;
				GCC_WARN_UNINITIALIZED_AUTOS = YES_AGGRESSIVE;
				GCC_WARN_UNUSED_FUNCTION = YES;
				GCC_WARN_UNUSED_VARIABLE = YES;
				IPHONEOS_DEPLOYMENT_TARGET = 17.4;
				LOCALIZATION_PREFERS_STRING_CATALOGS = YES;
				MTL_ENABLE_DEBUG_INFO = NO;
				MTL_FAST_MATH = YES;
				SDKROOT = iphoneos;
				SWIFT_COMPILATION_MODE = wholemodule;
				VALIDATE_PRODUCT = YES;
			};
			name = Release;
		};
		96502C042BBD526300C63DD8 /* Debug */ = {
			isa = XCBuildConfiguration;
			buildSettings = {
				ASSETCATALOG_COMPILER_APPICON_NAME = AppIcon;
				ASSETCATALOG_COMPILER_GLOBAL_ACCENT_COLOR_NAME = AccentColor;
				CODE_SIGN_STYLE = Automatic;
				CURRENT_PROJECT_VERSION = 1;
				DEVELOPMENT_TEAM = 6G4QV27Y5P;
				GENERATE_INFOPLIST_FILE = YES;
				INFOPLIST_FILE = SpatialAudio/Info.plist;
				INFOPLIST_KEY_UIApplicationSupportsIndirectInputEvents = YES;
				INFOPLIST_KEY_UILaunchStoryboardName = LaunchScreen;
				INFOPLIST_KEY_UIMainStoryboardFile = Main;
				INFOPLIST_KEY_UISupportedInterfaceOrientations_iPad = "UIInterfaceOrientationPortrait UIInterfaceOrientationPortraitUpsideDown UIInterfaceOrientationLandscapeLeft UIInterfaceOrientationLandscapeRight";
				INFOPLIST_KEY_UISupportedInterfaceOrientations_iPhone = "UIInterfaceOrientationPortrait UIInterfaceOrientationLandscapeLeft UIInterfaceOrientationLandscapeRight";
				LD_RUNPATH_SEARCH_PATHS = (
					"$(inherited)",
					"@executable_path/Frameworks",
				);
				MARKETING_VERSION = 1.0;
				PRODUCT_BUNDLE_IDENTIFIER = com.constant.SpatialAudio;
				PRODUCT_NAME = "$(TARGET_NAME)";
				SWIFT_EMIT_LOC_STRINGS = YES;
				SWIFT_VERSION = 5.0;
				TARGETED_DEVICE_FAMILY = "1,2";
			};
			name = Debug;
		};
		96502C052BBD526300C63DD8 /* Release */ = {
			isa = XCBuildConfiguration;
			buildSettings = {
				ASSETCATALOG_COMPILER_APPICON_NAME = AppIcon;
				ASSETCATALOG_COMPILER_GLOBAL_ACCENT_COLOR_NAME = AccentColor;
				CODE_SIGN_STYLE = Automatic;
				CURRENT_PROJECT_VERSION = 1;
				DEVELOPMENT_TEAM = 6G4QV27Y5P;
				GENERATE_INFOPLIST_FILE = YES;
				INFOPLIST_FILE = SpatialAudio/Info.plist;
				INFOPLIST_KEY_UIApplicationSupportsIndirectInputEvents = YES;
				INFOPLIST_KEY_UILaunchStoryboardName = LaunchScreen;
				INFOPLIST_KEY_UIMainStoryboardFile = Main;
				INFOPLIST_KEY_UISupportedInterfaceOrientations_iPad = "UIInterfaceOrientationPortrait UIInterfaceOrientationPortraitUpsideDown UIInterfaceOrientationLandscapeLeft UIInterfaceOrientationLandscapeRight";
				INFOPLIST_KEY_UISupportedInterfaceOrientations_iPhone = "UIInterfaceOrientationPortrait UIInterfaceOrientationLandscapeLeft UIInterfaceOrientationLandscapeRight";
				LD_RUNPATH_SEARCH_PATHS = (
					"$(inherited)",
					"@executable_path/Frameworks",
				);
				MARKETING_VERSION = 1.0;
				PRODUCT_BUNDLE_IDENTIFIER = com.constant.SpatialAudio;
				PRODUCT_NAME = "$(TARGET_NAME)";
				SWIFT_EMIT_LOC_STRINGS = YES;
				SWIFT_VERSION = 5.0;
				TARGETED_DEVICE_FAMILY = "1,2";
			};
			name = Release;
		};
		96502C072BBD526300C63DD8 /* Debug */ = {
			isa = XCBuildConfiguration;
			buildSettings = {
				ALWAYS_EMBED_SWIFT_STANDARD_LIBRARIES = YES;
				BUNDLE_LOADER = "$(TEST_HOST)";
				CODE_SIGN_STYLE = Automatic;
				CURRENT_PROJECT_VERSION = 1;
				DEVELOPMENT_TEAM = 6G4QV27Y5P;
				GENERATE_INFOPLIST_FILE = YES;
				IPHONEOS_DEPLOYMENT_TARGET = 17.4;
				MARKETING_VERSION = 1.0;
				PRODUCT_BUNDLE_IDENTIFIER = com.constant.SpatialAudioTests;
				PRODUCT_NAME = "$(TARGET_NAME)";
				SWIFT_EMIT_LOC_STRINGS = NO;
				SWIFT_VERSION = 5.0;
				TARGETED_DEVICE_FAMILY = "1,2";
				TEST_HOST = "$(BUILT_PRODUCTS_DIR)/SpatialAudio.app/$(BUNDLE_EXECUTABLE_FOLDER_PATH)/SpatialAudio";
			};
			name = Debug;
		};
		96502C082BBD526300C63DD8 /* Release */ = {
			isa = XCBuildConfiguration;
			buildSettings = {
				ALWAYS_EMBED_SWIFT_STANDARD_LIBRARIES = YES;
				BUNDLE_LOADER = "$(TEST_HOST)";
				CODE_SIGN_STYLE = Automatic;
				CURRENT_PROJECT_VERSION = 1;
				DEVELOPMENT_TEAM = 6G4QV27Y5P;
				GENERATE_INFOPLIST_FILE = YES;
				IPHONEOS_DEPLOYMENT_TARGET = 17.4;
				MARKETING_VERSION = 1.0;
				PRODUCT_BUNDLE_IDENTIFIER = com.constant.SpatialAudioTests;
				PRODUCT_NAME = "$(TARGET_NAME)";
				SWIFT_EMIT_LOC_STRINGS = NO;
				SWIFT_VERSION = 5.0;
				TARGETED_DEVICE_FAMILY = "1,2";
				TEST_HOST = "$(BUILT_PRODUCTS_DIR)/SpatialAudio.app/$(BUNDLE_EXECUTABLE_FOLDER_PATH)/SpatialAudio";
			};
			name = Release;
		};
		96502C0A2BBD526300C63DD8 /* Debug */ = {
			isa = XCBuildConfiguration;
			buildSettings = {
				ALWAYS_EMBED_SWIFT_STANDARD_LIBRARIES = YES;
				CODE_SIGN_STYLE = Automatic;
				CURRENT_PROJECT_VERSION = 1;
				DEVELOPMENT_TEAM = 6G4QV27Y5P;
				GENERATE_INFOPLIST_FILE = YES;
				MARKETING_VERSION = 1.0;
				PRODUCT_BUNDLE_IDENTIFIER = com.constant.SpatialAudioUITests;
				PRODUCT_NAME = "$(TARGET_NAME)";
				SWIFT_EMIT_LOC_STRINGS = NO;
				SWIFT_VERSION = 5.0;
				TARGETED_DEVICE_FAMILY = "1,2";
				TEST_TARGET_NAME = SpatialAudio;
			};
			name = Debug;
		};
		96502C0B2BBD526300C63DD8 /* Release */ = {
			isa = XCBuildConfiguration;
			buildSettings = {
				ALWAYS_EMBED_SWIFT_STANDARD_LIBRARIES = YES;
				CODE_SIGN_STYLE = Automatic;
				CURRENT_PROJECT_VERSION = 1;
				DEVELOPMENT_TEAM = 6G4QV27Y5P;
				GENERATE_INFOPLIST_FILE = YES;
				MARKETING_VERSION = 1.0;
				PRODUCT_BUNDLE_IDENTIFIER = com.constant.SpatialAudioUITests;
				PRODUCT_NAME = "$(TARGET_NAME)";
				SWIFT_EMIT_LOC_STRINGS = NO;
				SWIFT_VERSION = 5.0;
				TARGETED_DEVICE_FAMILY = "1,2";
				TEST_TARGET_NAME = SpatialAudio;
			};
			name = Release;
		};
/* End XCBuildConfiguration section */

/* Begin XCConfigurationList section */
		96502BD42BBD526100C63DD8 /* Build configuration list for PBXProject "SpatialAudio" */ = {
			isa = XCConfigurationList;
			buildConfigurations = (
				96502C012BBD526300C63DD8 /* Debug */,
				96502C022BBD526300C63DD8 /* Release */,
			);
			defaultConfigurationIsVisible = 0;
			defaultConfigurationName = Release;
		};
		96502C032BBD526300C63DD8 /* Build configuration list for PBXNativeTarget "SpatialAudio" */ = {
			isa = XCConfigurationList;
			buildConfigurations = (
				96502C042BBD526300C63DD8 /* Debug */,
				96502C052BBD526300C63DD8 /* Release */,
			);
			defaultConfigurationIsVisible = 0;
			defaultConfigurationName = Release;
		};
		96502C062BBD526300C63DD8 /* Build configuration list for PBXNativeTarget "SpatialAudioTests" */ = {
			isa = XCConfigurationList;
			buildConfigurations = (
				96502C072BBD526300C63DD8 /* Debug */,
				96502C082BBD526300C63DD8 /* Release */,
			);
			defaultConfigurationIsVisible = 0;
			defaultConfigurationName = Release;
		};
		96502C092BBD526300C63DD8 /* Build configuration list for PBXNativeTarget "SpatialAudioUITests" */ = {
			isa = XCConfigurationList;
			buildConfigurations = (
				96502C0A2BBD526300C63DD8 /* Debug */,
				96502C0B2BBD526300C63DD8 /* Release */,
			);
			defaultConfigurationIsVisible = 0;
			defaultConfigurationName = Release;
		};
/* End XCConfigurationList section */
	};
	rootObject = 96502BD12BBD526100C63DD8 /* Project object */;
}
